PODS:
  - Flutter (1.0.0)
  - integration_test (0.0.1):
    - Flutter
  - system_battery_info (0.0.1):
    - Flutter

DEPENDENCIES:
  - Flutter (from `Flutter`)
  - integration_test (from `.symlinks/plugins/integration_test/ios`)
  - system_battery_info (from `.symlinks/plugins/system_battery_info/ios`)

EXTERNAL SOURCES:
  Flutter:
    :path: Flutter
  integration_test:
    :path: ".symlinks/plugins/integration_test/ios"
  system_battery_info:
    :path: ".symlinks/plugins/system_battery_info/ios"

SPEC CHECKSUMS:
  Flutter: cabc95a1d2626b1b06e7179b784ebcf0c0cde467
  integration_test: 252f60fa39af5e17c3aa9899d35d908a0721b573
  system_battery_info: 239d550393f4b38854713a75dcfb015465dcc3a4

PODFILE CHECKSUM: 251cb053df7158f337c0712f2ab29f4e0fa474ce

COCOAPODS: 1.16.2
